core:changelogs:
  - content: "---\npackages:\n  hayate:\n    type: minor\n  hayate-cli:\n    type: minor\n---\n\n### Passphrases work on direct transfers\n\n`HayateSender::passphrase()` shipped with no way for the receiver to supply the\nmatching secret — every passphrase-protected direct transfer failed at metadata\ndecryption. `HayateReceiver::passphrase()` now mirrors the sender side, and the\nsecret threads through one-shot receives and multi-accept `ListeningReceiver`s.\nRoundtrip and wrong-passphrase tests pin the behavior.\n\n### Discovery can no longer deadlock\n\nPeer scanning used a bounded channel between worker threads and the collector: a\nbusy network could fill it past the scan deadline, leaving a worker blocked in\n`send` while the main thread waited forever in `join()`. The channel is now\nunbounded (peer volume is rate-limited by the network anyway), read-timeout\nfailures propagate instead of silently disabling the receive deadline, and a\nfailed mDNS browse shuts its daemon down instead of leaking the thread.\n\n### Unknown hash algorithms are rejected at the handshake\n\n`Metadata::decode` documented that it validated the payload hash algorithm but\ndidn't — a peer offering an unknown algorithm passed the consent prompt and only\nfailed once payload frames arrived. `decode` now rejects unknown algorithms up\nfront, before anyone is asked to approve a transfer.\n\n### CLI: honest timings, no ghost spinners\n\n- Transfer summaries (and the JSON `speed_bps` field) no longer count the\n  pairing wait or the time spent at the accept prompt — the clock starts when\n  payload bytes actually flow.\n- Error paths clear the progress bar and spinner before exiting, so failed\n  transfers leave the terminal clean.\n- A failed accept prompt (e.g. piped stdin) propagates as an error instead of\n  silently reporting \"rejected\" and exiting 0.\n- Cancelling a listen-mode receive exits 7 like pairing mode, and a closed\n  endpoint stops the accept loop instead of respawning a spinner every 500 ms.\n- `--compress=false` parses again, and `--no-compress` now conflicts with `-z`\n  instead of combining silently.\n- JSON output no longer reports `rtt_ms: null` for sub-millisecond peers, and\n  the `ESC / q` hint stays out of the NDJSON stream.\n\n### Release pipeline: verified, pinned, attested\n\n- The npm publisher downloads `SHA256SUMS.txt` from each GitHub release and\n  verifies every archive before repackaging — a corrupted or tampered artifact\n  fails the release instead of shipping to npm.\n- Archive extraction rejects absolute paths and `..` traversal entries before\n  writing a single byte, and downloads are atomic (temp file + rename), so an\n  interrupted run can't leave a truncated archive for a later run to trust.\n- npm publishes carry `--provenance` attestation from GitHub Actions over OIDC\n  trusted publishing, and the workflow pins bun, cargo-zigbuild, and cargo-ndk\n  to exact versions.\n"
    filename: 2026-07-18-1f38ed.md
    v: 0.0.0
  - content: "---\npackages:\n  hayate:\n    type: major\n  hayate-cli:\n    type: major\n---\n\n### Staged transfer API and library polish\n\n- Add staged hooks on `HayateSender` / `HayateReceiver` (`send_with`, `receive_with`, `ListeningReceiver`) so callers can observe connect, handshake, progress, and completion without owning the engine.\n- Harden transfer, crypto, discovery, and protocol paths used by the public API.\n- Author and project identity: Saku Shiina `<saku@shiina.xyz>`, site `https://hayate.shiina.xyz`.\n\n### CLI: docs, exit codes, and install surface\n\n- Replace man-page generation with `hayate docs` (terminal handbook + web docs pointer).\n- Map `EngineError` to stable CLI exit codes for scripting.\n- Ship shell completions install helpers; publish the binary crate to crates.io as `hayate-cli`.\n\n### Release tooling\n\n- Shared release target matrix for native binaries and npm platform packages.\n- Tegami-driven versioning for both workspace crates; local npm publish without GitHub.\n"
    filename: 2026-07-11-44fd0d.md
    v: 0.0.0
core:packages:
  - changelogIds:
      - 2026-07-18-1f38ed.md
      - 2026-07-11-44fd0d.md
    id: npm:hayate
    updated: false
  - changelogIds:
      - 2026-07-18-1f38ed.md
      - 2026-07-11-44fd0d.md
    id: cargo:hayate
    updated: true
  - changelogIds:
      - 2026-07-18-1f38ed.md
      - 2026-07-11-44fd0d.md
    id: cargo:hayate-cli
    updated: true
npm:packages:
  - id: npm:hayate
