core:changelogs:
  - content: "---\npackages:\n  hayate:\n    type: minor\n  hayate-cli:\n    type: minor\n---\n\n### Resumable transfers, rate limiting, and a richer CLI\n\n- **Resume interrupted transfers**: `hayate receive --resume` continues a partial\n  single-file transfer from the last complete 4 MiB frame instead of restarting.\n  An already-complete file is hash-verified without re-sending payload. (Wire\n  protocol v7: the receiver now sends an 8-byte resume offset after accepting;\n  v6 and v7 peers refuse to pair rather than mis-transfer.)\n- **Bandwidth cap**: `hayate send --bandwidth-limit 10MiB` throttles sustained\n  send throughput (also available as `HayateSender::bandwidth_limit`).\n- **Named peers**: `hayate peers add/list/remove` saves receiver addresses;\n  `hayate send <path> --to NAME` dials by name. Direct sends auto-remember the\n  peer by IP.\n- **Interactive send**: omit the path for a file prompt, or use `--pick` to scan\n  the LAN and choose a receiver from a list.\n- **Transfer history**: every completed transfer is logged locally;\n  `hayate history` prints it (`--clear` to wipe, `--format json` for JSONL).\n- **Integrity report**: receivers print an explicit \"integrity verified\" line\n  and emit a matching JSON event after each transfer.\n- **`receive --once`**: exit after the first completed transfer. Without it,\n  direct-mode receive now keeps listening for more transfers.\n- **JSON schema tag**: every `--format json` event now carries\n  `\"schema\": \"hayate/1\"` for version-locked parsing.\n- **Man pages**: release archives and `.deb` packages now ship a `hayate(1)`\n  man page generated from the CLI definitions (`man hayate`).\n\n### Fixes\n\n- Windows binary builds no longer fail with `tar: Cannot connect to D:` —\n  GNU tar on Git for Windows treated the drive-letter colon as a remote host;\n  the build script now passes `--force-local`.\n- The publish workflow triggers release binaries via the GitHub REST API\n  instead of the `gh` CLI.\n\n### Polish and hardening\n\n- **API stability**: the semver-guaranteed surface is now explicitly `runner`\n  + crate-root re-exports; `transfer`/`tar`/`pool` internals are\n  `#[doc(hidden)]` and unstable. CI runs `cargo-semver-checks`.\n- **Version tolerance**: v7 receivers gracefully accept v6 senders (resume is\n  simply disabled); truly ancient/future versions fail fast with\n  `ProtocolMismatch` instead of hanging.\n- **UI correctness**: all progress bars/spinners are owned by a single\n  `TransferUi` — no more leaked bars on error paths, and resumed transfers\n  seed the bar at the resume offset so speed/ETA math is honest. Bar creation\n  is gated uniformly by the output policy (JSON/plain/quiet never draw bars).\n  The ESC/q listener now backs off while interactive prompts own the terminal.\n- **Refactor**: send/receive share stage handling, consent/progress closures,\n  success reporting, and a single `PathCompleter`; history recording is one\n  `record_transfer` call instead of triplicated struct literals.\n- **Tests**: 84 total — golden wire-format fixtures, protocol version gate\n  (ancient + future), resume edge matrix (sub-frame partial, verify-only\n  complete file), and assert_cmd-driven CLI integration tests (peers, history,\n  docs, man, error paths) with isolated HOME.\n"
    filename: 2026-07-25-resume-cli.md
    v: 0.0.0
core:packages:
  - changelogIds:
      - 2026-07-25-resume-cli.md
    id: npm:hayate
    updated: false
  - changelogIds:
      - 2026-07-25-resume-cli.md
    id: cargo:hayate-cli
    updated: true
  - changelogIds:
      - 2026-07-25-resume-cli.md
    id: cargo:hayate
    updated: true
npm:packages:
  - id: npm:hayate
